
Microsoft Visual Studio Solution File, Format Version 12.00
Project("{FAE04EC0-301F-11D3-BF4B-00C04F79EFBC}") = "Console.Microservice", "Console.Microservice\Console.Microservice.csproj", "{ED9D3780-D287-4BB2-B417-A3B259F76FF9}"
EndProject
Global
	GlobalSection(SolutionConfigurationPlatforms) = preSolution
		Debug|Any CPU = Debug|Any CPU
		Release|Any CPU = Release|Any CPU
	EndGlobalSection
	GlobalSection(ProjectConfigurationPlatforms) = postSolution
		{ED9D3780-D287-4BB2-B417-A3B259F76FF9}.Debug|Any CPU.ActiveCfg = Debug|Any CPU
		{ED9D3780-D287-4BB2-B417-A3B259F76FF9}.Debug|Any CPU.Build.0 = Debug|Any CPU
		{ED9D3780-D287-4BB2-B417-A3B259F76FF9}.Release|Any CPU.ActiveCfg = Release|Any CPU
		{ED9D3780-D287-4BB2-B417-A3B259F76FF9}.Release|Any CPU.Build.0 = Release|Any CPU
	EndGlobalSection
EndGlobal
